
Microsoft Visual Studio Solution File, Format Version 12.00
# Visual Studio 15
VisualStudioVersion = 15.0.28307.572
MinimumVisualStudioVersion = 10.0.40219.1
Project("{FAE04EC0-301F-11D3-BF4B-00C04F79EFBC}") = "WebAPI", "WebAPI\WebAPI.csproj", "{FAA3F78E-6B44-4369-AC06-CA088E68D69F}"
EndProject
Project("{FAE04EC0-301F-11D3-BF4B-00C04F79EFBC}") = "DataLayer", "ClassLibrary1\DataLayer.csproj", "{C81C5CBC-8DA2-4C66-AF64-FE034A6EE936}"
EndProject
Project("{FAE04EC0-301F-11D3-BF4B-00C04F79EFBC}") = "ServiceLayer", "ClassLibrary2\ServiceLayer.csproj", "{1DB6948A-6B1A-4C80-B949-E5C61A0C8637}"
EndProject
Global
	GlobalSection(SolutionConfigurationPlatforms) = preSolution
		Debug|Any CPU = Debug|Any CPU
		Release|Any CPU = Release|Any CPU
	EndGlobalSection
	GlobalSection(ProjectConfigurationPlatforms) = postSolution
		{FAA3F78E-6B44-4369-AC06-CA088E68D69F}.Debug|Any CPU.ActiveCfg = Debug|Any CPU
		{FAA3F78E-6B44-4369-AC06-CA088E68D69F}.Debug|Any CPU.Build.0 = Debug|Any CPU
		{FAA3F78E-6B44-4369-AC06-CA088E68D69F}.Release|Any CPU.ActiveCfg = Release|Any CPU
		{FAA3F78E-6B44-4369-AC06-CA088E68D69F}.Release|Any CPU.Build.0 = Release|Any CPU
		{C81C5CBC-8DA2-4C66-AF64-FE034A6EE936}.Debug|Any CPU.ActiveCfg = Debug|Any CPU
		{C81C5CBC-8DA2-4C66-AF64-FE034A6EE936}.Debug|Any CPU.Build.0 = Debug|Any CPU
		{C81C5CBC-8DA2-4C66-AF64-FE034A6EE936}.Release|Any CPU.ActiveCfg = Release|Any CPU
		{C81C5CBC-8DA2-4C66-AF64-FE034A6EE936}.Release|Any CPU.Build.0 = Release|Any CPU
		{1DB6948A-6B1A-4C80-B949-E5C61A0C8637}.Debug|Any CPU.ActiveCfg = Debug|Any CPU
		{1DB6948A-6B1A-4C80-B949-E5C61A0C8637}.Debug|Any CPU.Build.0 = Debug|Any CPU
		{1DB6948A-6B1A-4C80-B949-E5C61A0C8637}.Release|Any CPU.ActiveCfg = Release|Any CPU
		{1DB6948A-6B1A-4C80-B949-E5C61A0C8637}.Release|Any CPU.Build.0 = Release|Any CPU
	EndGlobalSection
	GlobalSection(SolutionProperties) = preSolution
		HideSolutionNode = FALSE
	EndGlobalSection
	GlobalSection(ExtensibilityGlobals) = postSolution
		SolutionGuid = {CFF0C246-B217-469C-A7A4-ABFA064DBB83}
	EndGlobalSection
EndGlobal
